
Microsoft Visual Studio Solution File, Format Version 12.00
# Visual Studio Version 17
VisualStudioVersion = 17.10.35013.160
MinimumVisualStudioVersion = 10.0.40219.1
Project("{FAE04EC0-301F-11D3-BF4B-00C04F79EFBC}") = "BookManagementAPI", "BookManagementAPI\BookManagementAPI.csproj", "{C2FC2674-5855-4A28-A562-275B7871EC5C}"
EndProject
Global
	GlobalSection(SolutionConfigurationPlatforms) = preSolution
		Debug|Any CPU = Debug|Any CPU
		Release|Any CPU = Release|Any CPU
	EndGlobalSection
	GlobalSection(ProjectConfigurationPlatforms) = postSolution
		{C2FC2674-5855-4A28-A562-275B7871EC5C}.Debug|Any CPU.ActiveCfg = Debug|Any CPU
		{C2FC2674-5855-4A28-A562-275B7871EC5C}.Debug|Any CPU.Build.0 = Debug|Any CPU
		{C2FC2674-5855-4A28-A562-275B7871EC5C}.Release|Any CPU.ActiveCfg = Release|Any CPU
		{C2FC2674-5855-4A28-A562-275B7871EC5C}.Release|Any CPU.Build.0 = Release|Any CPU
	EndGlobalSection
	GlobalSection(SolutionProperties) = preSolution
		HideSolutionNode = FALSE
	EndGlobalSection
	GlobalSection(ExtensibilityGlobals) = postSolution
		SolutionGuid = {36FC6910-3A50-4A2B-8F2D-A1609492AAA7}
	EndGlobalSection
EndGlobal
